
Microsoft Visual Studio Solution File, Format Version 12.00
# Visual Studio Version 16
VisualStudioVersion = 16.0.30517.126
MinimumVisualStudioVersion = 10.0.40219.1
Project("{FAE04EC0-301F-11D3-BF4B-00C04F79EFBC}") = "Week13-test", "Week13-test\Week13-test.csproj", "{00E2B800-1E09-46AD-92F7-9CA708B81940}"
EndProject
Project("{FAE04EC0-301F-11D3-BF4B-00C04F79EFBC}") = "ülesanne_2", "ülesanne_2\ülesanne_2.csproj", "{5ED97367-4D47-4FE4-9E9F-B6FF3D921448}"
EndProject
Project("{FAE04EC0-301F-11D3-BF4B-00C04F79EFBC}") = "ülesanne_3", "ülesanne_3\ülesanne_3.csproj", "{3354B16C-F58C-4581-8411-66BFA747B534}"
EndProject
Project("{FAE04EC0-301F-11D3-BF4B-00C04F79EFBC}") = "ülesanne_4", "ülesanne_4\ülesanne_4.csproj", "{28079D33-AB2D-47CC-A059-EAAB049C19FD}"
EndProject
Project("{FAE04EC0-301F-11D3-BF4B-00C04F79EFBC}") = "ülesanne_5", "ülesanne_5\ülesanne_5.csproj", "{7A028FCA-4450-4961-8E3F-C4CB8C7F1BE2}"
EndProject
Global
	GlobalSection(SolutionConfigurationPlatforms) = preSolution
		Debug|Any CPU = Debug|Any CPU
		Release|Any CPU = Release|Any CPU
	EndGlobalSection
	GlobalSection(ProjectConfigurationPlatforms) = postSolution
		{00E2B800-1E09-46AD-92F7-9CA708B81940}.Debug|Any CPU.ActiveCfg = Debug|Any CPU
		{00E2B800-1E09-46AD-92F7-9CA708B81940}.Debug|Any CPU.Build.0 = Debug|Any CPU
		{00E2B800-1E09-46AD-92F7-9CA708B81940}.Release|Any CPU.ActiveCfg = Release|Any CPU
		{00E2B800-1E09-46AD-92F7-9CA708B81940}.Release|Any CPU.Build.0 = Release|Any CPU
		{5ED97367-4D47-4FE4-9E9F-B6FF3D921448}.Debug|Any CPU.ActiveCfg = Debug|Any CPU
		{5ED97367-4D47-4FE4-9E9F-B6FF3D921448}.Debug|Any CPU.Build.0 = Debug|Any CPU
		{5ED97367-4D47-4FE4-9E9F-B6FF3D921448}.Release|Any CPU.ActiveCfg = Release|Any CPU
		{5ED97367-4D47-4FE4-9E9F-B6FF3D921448}.Release|Any CPU.Build.0 = Release|Any CPU
		{3354B16C-F58C-4581-8411-66BFA747B534}.Debug|Any CPU.ActiveCfg = Debug|Any CPU
		{3354B16C-F58C-4581-8411-66BFA747B534}.Debug|Any CPU.Build.0 = Debug|Any CPU
		{3354B16C-F58C-4581-8411-66BFA747B534}.Release|Any CPU.ActiveCfg = Release|Any CPU
		{3354B16C-F58C-4581-8411-66BFA747B534}.Release|Any CPU.Build.0 = Release|Any CPU
		{28079D33-AB2D-47CC-A059-EAAB049C19FD}.Debug|Any CPU.ActiveCfg = Debug|Any CPU
		{28079D33-AB2D-47CC-A059-EAAB049C19FD}.Debug|Any CPU.Build.0 = Debug|Any CPU
		{28079D33-AB2D-47CC-A059-EAAB049C19FD}.Release|Any CPU.ActiveCfg = Release|Any CPU
		{28079D33-AB2D-47CC-A059-EAAB049C19FD}.Release|Any CPU.Build.0 = Release|Any CPU
		{7A028FCA-4450-4961-8E3F-C4CB8C7F1BE2}.Debug|Any CPU.ActiveCfg = Debug|Any CPU
		{7A028FCA-4450-4961-8E3F-C4CB8C7F1BE2}.Debug|Any CPU.Build.0 = Debug|Any CPU
		{7A028FCA-4450-4961-8E3F-C4CB8C7F1BE2}.Release|Any CPU.ActiveCfg = Release|Any CPU
		{7A028FCA-4450-4961-8E3F-C4CB8C7F1BE2}.Release|Any CPU.Build.0 = Release|Any CPU
	EndGlobalSection
	GlobalSection(SolutionProperties) = preSolution
		HideSolutionNode = FALSE
	EndGlobalSection
	GlobalSection(ExtensibilityGlobals) = postSolution
		SolutionGuid = {F37EEE39-20B7-4CA2-ABB2-D6856A654159}
	EndGlobalSection
EndGlobal
